// !$*UTF8*$!
{
	archiveVersion = 1;
	classes = {
	};
	objectVersion = 50;
	objects = {

/* Begin PBXBuildFile section */
		0D318CDAC9464E01DAD1F92B /* Pods_ClashX.framework in Frameworks */ = {isa = PBXBuildFile; fileRef = 0358BF8F0CBD7FF9A7EA4E30 /* Pods_ClashX.framework */; };
		492C4865210EC9E4004554A0 /* ProxyConfig in Resources */ = {isa = PBXBuildFile; fileRef = 492C4864210EC9E4004554A0 /* ProxyConfig */; };
		492C4869210EE6B9004554A0 /* ApiRequest.swift in Sources */ = {isa = PBXBuildFile; fileRef = 492C4868210EE6B9004554A0 /* ApiRequest.swift */; };
		492C4871210EF62E004554A0 /* ClashConfig.swift in Sources */ = {isa = PBXBuildFile; fileRef = 492C4870210EF62E004554A0 /* ClashConfig.swift */; };
		495340B020DE5F7200B0D3FF /* StatusItemView.xib in Resources */ = {isa = PBXBuildFile; fileRef = 495340AF20DE5F7200B0D3FF /* StatusItemView.xib */; };
		495340B320DE68C300B0D3FF /* StatusItemView.swift in Sources */ = {isa = PBXBuildFile; fileRef = 495340B220DE68C300B0D3FF /* StatusItemView.swift */; };
		495A44BF20D2660A00888A0A /* AppDelegate.swift in Sources */ = {isa = PBXBuildFile; fileRef = 495A44BE20D2660A00888A0A /* AppDelegate.swift */; };
		495A44CD20D266BA00888A0A /* ClashXLaunchHelper.app in CopyFiles */ = {isa = PBXBuildFile; fileRef = 495A44BC20D2660A00888A0A /* ClashXLaunchHelper.app */; settings = {ATTRIBUTES = (RemoveHeadersOnCopy, ); }; };
		495A44D320D267D000888A0A /* LaunchAtLogin.swift in Sources */ = {isa = PBXBuildFile; fileRef = 495A44D220D267D000888A0A /* LaunchAtLogin.swift */; };
		497F0DF320DE2FE50077AD41 /* Icon.icns in Resources */ = {isa = PBXBuildFile; fileRef = 497F0DF220DE2FE50077AD41 /* Icon.icns */; };
		4989F98020D01C8F0001E564 /* clash.a in Frameworks */ = {isa = PBXBuildFile; fileRef = 4989F97E20D01C8F0001E564 /* clash.a */; };
		4989F98420D02D200001E564 /* Country.mmdb in Resources */ = {isa = PBXBuildFile; fileRef = 4989F98320D02D200001E564 /* Country.mmdb */; };
		4989F98B20D0AD800001E564 /* SampleConfigViewController.swift in Sources */ = {isa = PBXBuildFile; fileRef = 4989F98920D0AD800001E564 /* SampleConfigViewController.swift */; };
		4989F98E20D0AE990001E564 /* sampleConfig.ini in Resources */ = {isa = PBXBuildFile; fileRef = 4989F98D20D0AE990001E564 /* sampleConfig.ini */; };
		4997732520D251A60009B136 /* SWBApplication.m in Sources */ = {isa = PBXBuildFile; fileRef = 4997732320D251A60009B136 /* SWBApplication.m */; };
		49CF3B2120CD7463001EBF94 /* AppDelegate.swift in Sources */ = {isa = PBXBuildFile; fileRef = 49CF3B2020CD7463001EBF94 /* AppDelegate.swift */; };
		49CF3B2520CD7465001EBF94 /* Assets.xcassets in Resources */ = {isa = PBXBuildFile; fileRef = 49CF3B2420CD7465001EBF94 /* Assets.xcassets */; };
		49CF3B2820CD7465001EBF94 /* Main.storyboard in Resources */ = {isa = PBXBuildFile; fileRef = 49CF3B2620CD7465001EBF94 /* Main.storyboard */; };
		49CF3B3F20CD7845001EBF94 /* menu_icon.png in Resources */ = {isa = PBXBuildFile; fileRef = 49CF3B3B20CD7845001EBF94 /* menu_icon.png */; };
		49CF3B4020CD7845001EBF94 /* menu_icon_disabled@2x.png in Resources */ = {isa = PBXBuildFile; fileRef = 49CF3B3C20CD7845001EBF94 /* menu_icon_disabled@2x.png */; };
		49CF3B4120CD7845001EBF94 /* menu_icon_disabled.png in Resources */ = {isa = PBXBuildFile; fileRef = 49CF3B3D20CD7845001EBF94 /* menu_icon_disabled.png */; };
		49CF3B4220CD7845001EBF94 /* menu_icon@2x.png in Resources */ = {isa = PBXBuildFile; fileRef = 49CF3B3E20CD7845001EBF94 /* menu_icon@2x.png */; };
		49CF3B5C20CE8068001EBF94 /* ProxyConfigManager.swift in Sources */ = {isa = PBXBuildFile; fileRef = 49CF3B5B20CE8068001EBF94 /* ProxyConfigManager.swift */; };
		49CF3B5F20CE80D2001EBF94 /* install_proxy_helper.sh in Resources */ = {isa = PBXBuildFile; fileRef = 49CF3B5E20CE80D2001EBF94 /* install_proxy_helper.sh */; };
		49CF3B6320CED9CF001EBF94 /* check_proxy_helper.sh in Resources */ = {isa = PBXBuildFile; fileRef = 49CF3B6220CED934001EBF94 /* check_proxy_helper.sh */; };
		49CF3B6520CEE06C001EBF94 /* ConfigManager.swift in Sources */ = {isa = PBXBuildFile; fileRef = 49CF3B6420CEE06C001EBF94 /* ConfigManager.swift */; };
		49E07A8C20D501A000A088A3 /* Main.storyboard in Resources */ = {isa = PBXBuildFile; fileRef = 49E07A8920D501A000A088A3 /* Main.storyboard */; };
/* End PBXBuildFile section */

/* Begin PBXContainerItemProxy section */
		495A44CE20D2671F00888A0A /* PBXContainerItemProxy */ = {
			isa = PBXContainerItemProxy;
			containerPortal = 49CF3B1520CD7463001EBF94 /* Project object */;
			proxyType = 1;
			remoteGlobalIDString = 495A44BB20D2660A00888A0A;
			remoteInfo = ClashXLaunchHelper;
		};
		49CF3B4F20CE5232001EBF94 /* PBXContainerItemProxy */ = {
			isa = PBXContainerItemProxy;
			containerPortal = 49CF3B4B20CE5232001EBF94 /* ProxyConfig.xcodeproj */;
			proxyType = 2;
			remoteGlobalIDString = 36B6A3231E263590002B5B1D;
			remoteInfo = ProxyConfig;
		};
/* End PBXContainerItemProxy section */

/* Begin PBXCopyFilesBuildPhase section */
		495A44CC20D266B000888A0A /* CopyFiles */ = {
			isa = PBXCopyFilesBuildPhase;
			buildActionMask = 2147483647;
			dstPath = Contents/Library/LoginItems;
			dstSubfolderSpec = 1;
			files = (
				495A44CD20D266BA00888A0A /* ClashXLaunchHelper.app in CopyFiles */,
			);
			runOnlyForDeploymentPostprocessing = 0;
		};
/* End PBXCopyFilesBuildPhase section */

/* Begin PBXFileReference section */
		0358BF8F0CBD7FF9A7EA4E30 /* Pods_ClashX.framework */ = {isa = PBXFileReference; explicitFileType = wrapper.framework; includeInIndex = 0; path = Pods_ClashX.framework; sourceTree = BUILT_PRODUCTS_DIR; };
		492C4864210EC9E4004554A0 /* ProxyConfig */ = {isa = PBXFileReference; lastKnownFileType = "compiled.mach-o.executable"; name = ProxyConfig; path = "../../../../Library/Developer/Xcode/DerivedData/ClashX-dojkemepirlxgtgjgkqxpjrbgopn/Build/Products/Debug/ProxyConfig"; sourceTree = "<group>"; };
		492C4868210EE6B9004554A0 /* ApiRequest.swift */ = {isa = PBXFileReference; lastKnownFileType = sourcecode.swift; path = ApiRequest.swift; sourceTree = "<group>"; };
		492C4870210EF62E004554A0 /* ClashConfig.swift */ = {isa = PBXFileReference; lastKnownFileType = sourcecode.swift; path = ClashConfig.swift; sourceTree = "<group>"; };
		495340AF20DE5F7200B0D3FF /* StatusItemView.xib */ = {isa = PBXFileReference; lastKnownFileType = file.xib; path = StatusItemView.xib; sourceTree = "<group>"; };
		495340B220DE68C300B0D3FF /* StatusItemView.swift */ = {isa = PBXFileReference; lastKnownFileType = sourcecode.swift; path = StatusItemView.swift; sourceTree = "<group>"; };
		495A44BC20D2660A00888A0A /* ClashXLaunchHelper.app */ = {isa = PBXFileReference; explicitFileType = wrapper.application; includeInIndex = 0; path = ClashXLaunchHelper.app; sourceTree = BUILT_PRODUCTS_DIR; };
		495A44BE20D2660A00888A0A /* AppDelegate.swift */ = {isa = PBXFileReference; lastKnownFileType = sourcecode.swift; path = AppDelegate.swift; sourceTree = "<group>"; };
		495A44C720D2660B00888A0A /* Info.plist */ = {isa = PBXFileReference; lastKnownFileType = text.plist.xml; path = Info.plist; sourceTree = "<group>"; };
		495A44C820D2660B00888A0A /* ClashXLaunchHelper.entitlements */ = {isa = PBXFileReference; lastKnownFileType = text.plist.entitlements; path = ClashXLaunchHelper.entitlements; sourceTree = "<group>"; };
		495A44D220D267D000888A0A /* LaunchAtLogin.swift */ = {isa = PBXFileReference; lastKnownFileType = sourcecode.swift; path = LaunchAtLogin.swift; sourceTree = "<group>"; };
		497F0DF220DE2FE50077AD41 /* Icon.icns */ = {isa = PBXFileReference; lastKnownFileType = image.icns; path = Icon.icns; sourceTree = "<group>"; };
		4989F97E20D01C8F0001E564 /* clash.a */ = {isa = PBXFileReference; lastKnownFileType = archive.ar; path = clash.a; sourceTree = "<group>"; };
		4989F97F20D01C8F0001E564 /* clash.h */ = {isa = PBXFileReference; fileEncoding = 4; lastKnownFileType = sourcecode.c.h; path = clash.h; sourceTree = "<group>"; };
		4989F98320D02D200001E564 /* Country.mmdb */ = {isa = PBXFileReference; lastKnownFileType = file; path = Country.mmdb; sourceTree = "<group>"; };
		4989F98920D0AD800001E564 /* SampleConfigViewController.swift */ = {isa = PBXFileReference; lastKnownFileType = sourcecode.swift; path = SampleConfigViewController.swift; sourceTree = "<group>"; };
		4989F98D20D0AE990001E564 /* sampleConfig.ini */ = {isa = PBXFileReference; fileEncoding = 4; lastKnownFileType = text; path = sampleConfig.ini; sourceTree = "<group>"; };
		4997732320D251A60009B136 /* SWBApplication.m */ = {isa = PBXFileReference; fileEncoding = 4; lastKnownFileType = sourcecode.c.objc; path = SWBApplication.m; sourceTree = "<group>"; };
		4997732420D251A60009B136 /* SWBApplication.h */ = {isa = PBXFileReference; fileEncoding = 4; lastKnownFileType = sourcecode.c.h; path = SWBApplication.h; sourceTree = "<group>"; };
		49CF3B1D20CD7463001EBF94 /* ClashX.app */ = {isa = PBXFileReference; explicitFileType = wrapper.application; includeInIndex = 0; path = ClashX.app; sourceTree = BUILT_PRODUCTS_DIR; };
		49CF3B2020CD7463001EBF94 /* AppDelegate.swift */ = {isa = PBXFileReference; lastKnownFileType = sourcecode.swift; path = AppDelegate.swift; sourceTree = "<group>"; };
		49CF3B2420CD7465001EBF94 /* Assets.xcassets */ = {isa = PBXFileReference; lastKnownFileType = folder.assetcatalog; path = Assets.xcassets; sourceTree = "<group>"; };
		49CF3B2720CD7465001EBF94 /* Base */ = {isa = PBXFileReference; lastKnownFileType = file.storyboard; name = Base; path = Base.lproj/Main.storyboard; sourceTree = "<group>"; };
		49CF3B2920CD7465001EBF94 /* Info.plist */ = {isa = PBXFileReference; lastKnownFileType = text.plist.xml; path = Info.plist; sourceTree = "<group>"; };
		49CF3B2A20CD7465001EBF94 /* ClashX.entitlements */ = {isa = PBXFileReference; lastKnownFileType = text.plist.entitlements; path = ClashX.entitlements; sourceTree = "<group>"; };
		49CF3B3520CD75DF001EBF94 /* ClashX-Bridging-Header.h */ = {isa = PBXFileReference; lastKnownFileType = sourcecode.c.h; path = "ClashX-Bridging-Header.h"; sourceTree = "<group>"; };
		49CF3B3B20CD7845001EBF94 /* menu_icon.png */ = {isa = PBXFileReference; lastKnownFileType = image.png; path = menu_icon.png; sourceTree = "<group>"; };
		49CF3B3C20CD7845001EBF94 /* menu_icon_disabled@2x.png */ = {isa = PBXFileReference; lastKnownFileType = image.png; path = "menu_icon_disabled@2x.png"; sourceTree = "<group>"; };
		49CF3B3D20CD7845001EBF94 /* menu_icon_disabled.png */ = {isa = PBXFileReference; lastKnownFileType = image.png; path = menu_icon_disabled.png; sourceTree = "<group>"; };
		49CF3B3E20CD7845001EBF94 /* menu_icon@2x.png */ = {isa = PBXFileReference; lastKnownFileType = image.png; path = "menu_icon@2x.png"; sourceTree = "<group>"; };
		49CF3B4B20CE5232001EBF94 /* ProxyConfig.xcodeproj */ = {isa = PBXFileReference; lastKnownFileType = "wrapper.pb-project"; path = ProxyConfig.xcodeproj; sourceTree = "<group>"; };
		49CF3B5B20CE8068001EBF94 /* ProxyConfigManager.swift */ = {isa = PBXFileReference; lastKnownFileType = sourcecode.swift; path = ProxyConfigManager.swift; sourceTree = "<group>"; };
		49CF3B5E20CE80D2001EBF94 /* install_proxy_helper.sh */ = {isa = PBXFileReference; fileEncoding = 4; lastKnownFileType = text.script.sh; path = install_proxy_helper.sh; sourceTree = "<group>"; };
		49CF3B6220CED934001EBF94 /* check_proxy_helper.sh */ = {isa = PBXFileReference; lastKnownFileType = text.script.sh; path = check_proxy_helper.sh; sourceTree = "<group>"; };
		49CF3B6420CEE06C001EBF94 /* ConfigManager.swift */ = {isa = PBXFileReference; lastKnownFileType = sourcecode.swift; path = ConfigManager.swift; sourceTree = "<group>"; };
		49E07A8A20D501A000A088A3 /* Base */ = {isa = PBXFileReference; lastKnownFileType = file.storyboard; name = Base; path = Main.storyboard; sourceTree = "<group>"; };
		5217C006C5A22A1CEA24BFC1 /* Pods-ClashX.debug.xcconfig */ = {isa = PBXFileReference; includeInIndex = 1; lastKnownFileType = text.xcconfig; name = "Pods-ClashX.debug.xcconfig"; path = "Pods/Target Support Files/Pods-ClashX/Pods-ClashX.debug.xcconfig"; sourceTree = "<group>"; };
		A1485BCE642059532D01B8BA /* Pods-ClashX.release.xcconfig */ = {isa = PBXFileReference; includeInIndex = 1; lastKnownFileType = text.xcconfig; name = "Pods-ClashX.release.xcconfig"; path = "Pods/Target Support Files/Pods-ClashX/Pods-ClashX.release.xcconfig"; sourceTree = "<group>"; };
/* End PBXFileReference section */

/* Begin PBXFrameworksBuildPhase section */
		495A44B920D2660A00888A0A /* Frameworks */ = {
			isa = PBXFrameworksBuildPhase;
			buildActionMask = 2147483647;
			files = (
			);
			runOnlyForDeploymentPostprocessing = 0;
		};
		49CF3B1A20CD7463001EBF94 /* Frameworks */ = {
			isa = PBXFrameworksBuildPhase;
			buildActionMask = 2147483647;
			files = (
				4989F98020D01C8F0001E564 /* clash.a in Frameworks */,
				0D318CDAC9464E01DAD1F92B /* Pods_ClashX.framework in Frameworks */,
			);
			runOnlyForDeploymentPostprocessing = 0;
		};
/* End PBXFrameworksBuildPhase section */

/* Begin PBXGroup section */
		492C4866210EE69B004554A0 /* General */ = {
			isa = PBXGroup;
			children = (
				492C4868210EE6B9004554A0 /* ApiRequest.swift */,
			);
			path = General;
			sourceTree = "<group>";
		};
		492C486E210EF621004554A0 /* Models */ = {
			isa = PBXGroup;
			children = (
				492C4870210EF62E004554A0 /* ClashConfig.swift */,
			);
			path = Models;
			sourceTree = "<group>";
		};
		495A44BD20D2660A00888A0A /* ClashXLaunchHelper */ = {
			isa = PBXGroup;
			children = (
				49E07A8920D501A000A088A3 /* Main.storyboard */,
				495A44BE20D2660A00888A0A /* AppDelegate.swift */,
				495A44C720D2660B00888A0A /* Info.plist */,
				495A44C820D2660B00888A0A /* ClashXLaunchHelper.entitlements */,
			);
			path = ClashXLaunchHelper;
			sourceTree = "<group>";
		};
		4989F98520D0AA300001E564 /* ViewControllers */ = {
			isa = PBXGroup;
			children = (
				4989F98920D0AD800001E564 /* SampleConfigViewController.swift */,
				495340AF20DE5F7200B0D3FF /* StatusItemView.xib */,
				495340B220DE68C300B0D3FF /* StatusItemView.swift */,
			);
			path = ViewControllers;
			sourceTree = "<group>";
		};
		4997732220D251A60009B136 /* Basic */ = {
			isa = PBXGroup;
			children = (
				4997732320D251A60009B136 /* SWBApplication.m */,
				4997732420D251A60009B136 /* SWBApplication.h */,
				495A44D220D267D000888A0A /* LaunchAtLogin.swift */,
			);
			path = Basic;
			sourceTree = "<group>";
		};
		49CF3B1420CD7463001EBF94 = {
			isa = PBXGroup;
			children = (
				49CF3B1F20CD7463001EBF94 /* ClashX */,
				495A44BD20D2660A00888A0A /* ClashXLaunchHelper */,
				49CF3B1E20CD7463001EBF94 /* Products */,
				76229F122B00E935D126742A /* Pods */,
				CF1AC9FACC36FCE7663C5583 /* Frameworks */,
			);
			sourceTree = "<group>";
		};
		49CF3B1E20CD7463001EBF94 /* Products */ = {
			isa = PBXGroup;
			children = (
				49CF3B1D20CD7463001EBF94 /* ClashX.app */,
				495A44BC20D2660A00888A0A /* ClashXLaunchHelper.app */,
			);
			name = Products;
			sourceTree = "<group>";
		};
		49CF3B1F20CD7463001EBF94 /* ClashX */ = {
			isa = PBXGroup;
			children = (
				492C486E210EF621004554A0 /* Models */,
				492C4866210EE69B004554A0 /* General */,
				4997732220D251A60009B136 /* Basic */,
				4989F98520D0AA300001E564 /* ViewControllers */,
				49CF3B5D20CE80D2001EBF94 /* script */,
				49CF3B5A20CE8054001EBF94 /* Managers */,
				49CF3B4820CE5232001EBF94 /* ProxyConfig */,
				49CF3B4320CD79A0001EBF94 /* clash */,
				49CF3B3A20CD783A001EBF94 /* Support Files */,
				49CF3B2020CD7463001EBF94 /* AppDelegate.swift */,
				49CF3B2420CD7465001EBF94 /* Assets.xcassets */,
				497F0DF220DE2FE50077AD41 /* Icon.icns */,
				49CF3B2620CD7465001EBF94 /* Main.storyboard */,
				49CF3B2920CD7465001EBF94 /* Info.plist */,
				49CF3B2A20CD7465001EBF94 /* ClashX.entitlements */,
				49CF3B3520CD75DF001EBF94 /* ClashX-Bridging-Header.h */,
			);
			path = ClashX;
			sourceTree = "<group>";
		};
		49CF3B3A20CD783A001EBF94 /* Support Files */ = {
			isa = PBXGroup;
			children = (
				4989F98D20D0AE990001E564 /* sampleConfig.ini */,
				4989F98320D02D200001E564 /* Country.mmdb */,
				49CF3B3D20CD7845001EBF94 /* menu_icon_disabled.png */,
				49CF3B3C20CD7845001EBF94 /* menu_icon_disabled@2x.png */,
				49CF3B3B20CD7845001EBF94 /* menu_icon.png */,
				492C4864210EC9E4004554A0 /* ProxyConfig */,
				49CF3B3E20CD7845001EBF94 /* menu_icon@2x.png */,
			);
			path = "Support Files";
			sourceTree = "<group>";
		};
		49CF3B4320CD79A0001EBF94 /* clash */ = {
			isa = PBXGroup;
			children = (
				4989F97E20D01C8F0001E564 /* clash.a */,
				4989F97F20D01C8F0001E564 /* clash.h */,
			);
			path = clash;
			sourceTree = "<group>";
		};
		49CF3B4820CE5232001EBF94 /* ProxyConfig */ = {
			isa = PBXGroup;
			children = (
				49CF3B4B20CE5232001EBF94 /* ProxyConfig.xcodeproj */,
			);
			path = ProxyConfig;
			sourceTree = "<group>";
		};
		49CF3B4C20CE5232001EBF94 /* Products */ = {
			isa = PBXGroup;
			children = (
				49CF3B5020CE5232001EBF94 /* ProxyConfig */,
			);
			name = Products;
			sourceTree = "<group>";
		};
		49CF3B5A20CE8054001EBF94 /* Managers */ = {
			isa = PBXGroup;
			children = (
				49CF3B5B20CE8068001EBF94 /* ProxyConfigManager.swift */,
				49CF3B6420CEE06C001EBF94 /* ConfigManager.swift */,
			);
			path = Managers;
			sourceTree = "<group>";
		};
		49CF3B5D20CE80D2001EBF94 /* script */ = {
			isa = PBXGroup;
			children = (
				49CF3B5E20CE80D2001EBF94 /* install_proxy_helper.sh */,
				49CF3B6220CED934001EBF94 /* check_proxy_helper.sh */,
			);
			path = script;
			sourceTree = "<group>";
		};
		76229F122B00E935D126742A /* Pods */ = {
			isa = PBXGroup;
			children = (
				5217C006C5A22A1CEA24BFC1 /* Pods-ClashX.debug.xcconfig */,
				A1485BCE642059532D01B8BA /* Pods-ClashX.release.xcconfig */,
			);
			name = Pods;
			sourceTree = "<group>";
		};
		CF1AC9FACC36FCE7663C5583 /* Frameworks */ = {
			isa = PBXGroup;
			children = (
				0358BF8F0CBD7FF9A7EA4E30 /* Pods_ClashX.framework */,
			);
			name = Frameworks;
			sourceTree = "<group>";
		};
/* End PBXGroup section */

/* Begin PBXNativeTarget section */
		495A44BB20D2660A00888A0A /* ClashXLaunchHelper */ = {
			isa = PBXNativeTarget;
			buildConfigurationList = 495A44C920D2660B00888A0A /* Build configuration list for PBXNativeTarget "ClashXLaunchHelper" */;
			buildPhases = (
				495A44B820D2660A00888A0A /* Sources */,
				495A44B920D2660A00888A0A /* Frameworks */,
				495A44BA20D2660A00888A0A /* Resources */,
			);
			buildRules = (
			);
			dependencies = (
			);
			name = ClashXLaunchHelper;
			productName = ClashXLaunchHelper;
			productReference = 495A44BC20D2660A00888A0A /* ClashXLaunchHelper.app */;
			productType = "com.apple.product-type.application";
		};
		49CF3B1C20CD7463001EBF94 /* ClashX */ = {
			isa = PBXNativeTarget;
			buildConfigurationList = 49CF3B2D20CD7465001EBF94 /* Build configuration list for PBXNativeTarget "ClashX" */;
			buildPhases = (
				2FD76081F5FF64514C3E5C9D /* [CP] Check Pods Manifest.lock */,
				49CF3B1920CD7463001EBF94 /* Sources */,
				49CF3B1A20CD7463001EBF94 /* Frameworks */,
				49CF3B1B20CD7463001EBF94 /* Resources */,
				495A44CC20D266B000888A0A /* CopyFiles */,
				A741C26F5755233F0D7CEC6F /* [CP] Embed Pods Frameworks */,
				D3688B5A70792067918E9514 /* [CP] Copy Pods Resources */,
			);
			buildRules = (
			);
			dependencies = (
				495A44CF20D2671F00888A0A /* PBXTargetDependency */,
			);
			name = ClashX;
			productName = ClashX;
			productReference = 49CF3B1D20CD7463001EBF94 /* ClashX.app */;
			productType = "com.apple.product-type.application";
		};
/* End PBXNativeTarget section */

/* Begin PBXProject section */
		49CF3B1520CD7463001EBF94 /* Project object */ = {
			isa = PBXProject;
			attributes = {
				LastSwiftUpdateCheck = 0940;
				LastUpgradeCheck = 0940;
				ORGANIZATIONNAME = west2online;
				TargetAttributes = {
					495A44BB20D2660A00888A0A = {
						CreatedOnToolsVersion = 9.4.1;
						SystemCapabilities = {
							com.apple.Sandbox = {
								enabled = 1;
							};
						};
					};
					49CF3B1C20CD7463001EBF94 = {
						CreatedOnToolsVersion = 9.4;
						LastSwiftMigration = 0940;
						SystemCapabilities = {
							com.apple.Sandbox = {
								enabled = 0;
							};
						};
					};
				};
			};
			buildConfigurationList = 49CF3B1820CD7463001EBF94 /* Build configuration list for PBXProject "ClashX" */;
			compatibilityVersion = "Xcode 9.3";
			developmentRegion = en;
			hasScannedForEncodings = 0;
			knownRegions = (
				en,
				Base,
			);
			mainGroup = 49CF3B1420CD7463001EBF94;
			productRefGroup = 49CF3B1E20CD7463001EBF94 /* Products */;
			projectDirPath = "";
			projectReferences = (
				{
					ProductGroup = 49CF3B4C20CE5232001EBF94 /* Products */;
					ProjectRef = 49CF3B4B20CE5232001EBF94 /* ProxyConfig.xcodeproj */;
				},
			);
			projectRoot = "";
			targets = (
				49CF3B1C20CD7463001EBF94 /* ClashX */,
				495A44BB20D2660A00888A0A /* ClashXLaunchHelper */,
			);
		};
/* End PBXProject section */

/* Begin PBXReferenceProxy section */
		49CF3B5020CE5232001EBF94 /* ProxyConfig */ = {
			isa = PBXReferenceProxy;
			fileType = "compiled.mach-o.executable";
			path = ProxyConfig;
			remoteRef = 49CF3B4F20CE5232001EBF94 /* PBXContainerItemProxy */;
			sourceTree = BUILT_PRODUCTS_DIR;
		};
/* End PBXReferenceProxy section */

/* Begin PBXResourcesBuildPhase section */
		495A44BA20D2660A00888A0A /* Resources */ = {
			isa = PBXResourcesBuildPhase;
			buildActionMask = 2147483647;
			files = (
				49E07A8C20D501A000A088A3 /* Main.storyboard in Resources */,
			);
			runOnlyForDeploymentPostprocessing = 0;
		};
		49CF3B1B20CD7463001EBF94 /* Resources */ = {
			isa = PBXResourcesBuildPhase;
			buildActionMask = 2147483647;
			files = (
				49CF3B2520CD7465001EBF94 /* Assets.xcassets in Resources */,
				495340B020DE5F7200B0D3FF /* StatusItemView.xib in Resources */,
				49CF3B2820CD7465001EBF94 /* Main.storyboard in Resources */,
				49CF3B4220CD7845001EBF94 /* menu_icon@2x.png in Resources */,
				49CF3B4120CD7845001EBF94 /* menu_icon_disabled.png in Resources */,
				49CF3B5F20CE80D2001EBF94 /* install_proxy_helper.sh in Resources */,
				49CF3B4020CD7845001EBF94 /* menu_icon_disabled@2x.png in Resources */,
				49CF3B3F20CD7845001EBF94 /* menu_icon.png in Resources */,
				4989F98420D02D200001E564 /* Country.mmdb in Resources */,
				497F0DF320DE2FE50077AD41 /* Icon.icns in Resources */,
				492C4865210EC9E4004554A0 /* ProxyConfig in Resources */,
				4989F98E20D0AE990001E564 /* sampleConfig.ini in Resources */,
				49CF3B6320CED9CF001EBF94 /* check_proxy_helper.sh in Resources */,
			);
			runOnlyForDeploymentPostprocessing = 0;
		};
/* End PBXResourcesBuildPhase section */

/* Begin PBXShellScriptBuildPhase section */
		2FD76081F5FF64514C3E5C9D /* [CP] Check Pods Manifest.lock */ = {
			isa = PBXShellScriptBuildPhase;
			buildActionMask = 2147483647;
			files = (
			);
			inputPaths = (
				"${PODS_PODFILE_DIR_PATH}/Podfile.lock",
				"${PODS_ROOT}/Manifest.lock",
			);
			name = "[CP] Check Pods Manifest.lock";
			outputPaths = (
				"$(DERIVED_FILE_DIR)/Pods-ClashX-checkManifestLockResult.txt",
			);
			runOnlyForDeploymentPostprocessing = 0;
			shellPath = /bin/sh;
			shellScript = "diff \"${PODS_PODFILE_DIR_PATH}/Podfile.lock\" \"${PODS_ROOT}/Manifest.lock\" > /dev/null\nif [ $? != 0 ] ; then\n    # print error to STDERR\n    echo \"error: The sandbox is not in sync with the Podfile.lock. Run 'pod install' or update your CocoaPods installation.\" >&2\n    exit 1\nfi\n# This output is used by Xcode 'outputs' to avoid re-running this script phase.\necho \"SUCCESS\" > \"${SCRIPT_OUTPUT_FILE_0}\"\n";
			showEnvVarsInLog = 0;
		};
		A741C26F5755233F0D7CEC6F /* [CP] Embed Pods Frameworks */ = {
			isa = PBXShellScriptBuildPhase;
			buildActionMask = 2147483647;
			files = (
			);
			inputPaths = (
				"${SRCROOT}/Pods/Target Support Files/Pods-ClashX/Pods-ClashX-frameworks.sh",
				"${BUILT_PRODUCTS_DIR}/Alamofire/Alamofire.framework",
				"${BUILT_PRODUCTS_DIR}/LetsMove/LetsMove.framework",
				"${BUILT_PRODUCTS_DIR}/RxCocoa/RxCocoa.framework",
				"${BUILT_PRODUCTS_DIR}/RxSwift/RxSwift.framework",
				"${PODS_ROOT}/Sparkle/Sparkle.framework",
			);
			name = "[CP] Embed Pods Frameworks";
			outputPaths = (
				"${TARGET_BUILD_DIR}/${FRAMEWORKS_FOLDER_PATH}/Alamofire.framework",
				"${TARGET_BUILD_DIR}/${FRAMEWORKS_FOLDER_PATH}/LetsMove.framework",
				"${TARGET_BUILD_DIR}/${FRAMEWORKS_FOLDER_PATH}/RxCocoa.framework",
				"${TARGET_BUILD_DIR}/${FRAMEWORKS_FOLDER_PATH}/RxSwift.framework",
				"${TARGET_BUILD_DIR}/${FRAMEWORKS_FOLDER_PATH}/Sparkle.framework",
			);
			runOnlyForDeploymentPostprocessing = 0;
			shellPath = /bin/sh;
			shellScript = "\"${SRCROOT}/Pods/Target Support Files/Pods-ClashX/Pods-ClashX-frameworks.sh\"\n";
			showEnvVarsInLog = 0;
		};
		D3688B5A70792067918E9514 /* [CP] Copy Pods Resources */ = {
			isa = PBXShellScriptBuildPhase;
			buildActionMask = 2147483647;
			files = (
			);
			inputPaths = (
			);
			name = "[CP] Copy Pods Resources";
			outputPaths = (
			);
			runOnlyForDeploymentPostprocessing = 0;
			shellPath = /bin/sh;
			shellScript = "\"${SRCROOT}/Pods/Target Support Files/Pods-ClashX/Pods-ClashX-resources.sh\"\n";
			showEnvVarsInLog = 0;
		};
/* End PBXShellScriptBuildPhase section */

/* Begin PBXSourcesBuildPhase section */
		495A44B820D2660A00888A0A /* Sources */ = {
			isa = PBXSourcesBuildPhase;
			buildActionMask = 2147483647;
			files = (
				495A44BF20D2660A00888A0A /* AppDelegate.swift in Sources */,
			);
			runOnlyForDeploymentPostprocessing = 0;
		};
		49CF3B1920CD7463001EBF94 /* Sources */ = {
			isa = PBXSourcesBuildPhase;
			buildActionMask = 2147483647;
			files = (
				4989F98B20D0AD800001E564 /* SampleConfigViewController.swift in Sources */,
				49CF3B5C20CE8068001EBF94 /* ProxyConfigManager.swift in Sources */,
				4997732520D251A60009B136 /* SWBApplication.m in Sources */,
				495340B320DE68C300B0D3FF /* StatusItemView.swift in Sources */,
				495A44D320D267D000888A0A /* LaunchAtLogin.swift in Sources */,
				49CF3B2120CD7463001EBF94 /* AppDelegate.swift in Sources */,
				492C4871210EF62E004554A0 /* ClashConfig.swift in Sources */,
				492C4869210EE6B9004554A0 /* ApiRequest.swift in Sources */,
				49CF3B6520CEE06C001EBF94 /* ConfigManager.swift in Sources */,
			);
			runOnlyForDeploymentPostprocessing = 0;
		};
/* End PBXSourcesBuildPhase section */

/* Begin PBXTargetDependency section */
		495A44CF20D2671F00888A0A /* PBXTargetDependency */ = {
			isa = PBXTargetDependency;
			target = 495A44BB20D2660A00888A0A /* ClashXLaunchHelper */;
			targetProxy = 495A44CE20D2671F00888A0A /* PBXContainerItemProxy */;
		};
/* End PBXTargetDependency section */

/* Begin PBXVariantGroup section */
		49CF3B2620CD7465001EBF94 /* Main.storyboard */ = {
			isa = PBXVariantGroup;
			children = (
				49CF3B2720CD7465001EBF94 /* Base */,
			);
			name = Main.storyboard;
			sourceTree = "<group>";
		};
		49E07A8920D501A000A088A3 /* Main.storyboard */ = {
			isa = PBXVariantGroup;
			children = (
				49E07A8A20D501A000A088A3 /* Base */,
			);
			name = Main.storyboard;
			sourceTree = "<group>";
		};
/* End PBXVariantGroup section */

/* Begin XCBuildConfiguration section */
		495A44CA20D2660B00888A0A /* Debug */ = {
			isa = XCBuildConfiguration;
			buildSettings = {
				CODE_SIGN_ENTITLEMENTS = ClashXLaunchHelper/ClashXLaunchHelper.entitlements;
				CODE_SIGN_STYLE = Automatic;
				COMBINE_HIDPI_IMAGES = YES;
				DEVELOPMENT_TEAM = MEWHFZ92DY;
				INFOPLIST_FILE = ClashXLaunchHelper/Info.plist;
				LD_RUNPATH_SEARCH_PATHS = (
					"$(inherited)",
					"@executable_path/../Frameworks",
				);
				PRODUCT_BUNDLE_IDENTIFIER = com.west2online.ClashX.LaunchHelper;
				PRODUCT_NAME = "$(TARGET_NAME)";
				SKIP_INSTALL = YES;
				SWIFT_VERSION = 4.0;
			};
			name = Debug;
		};
		495A44CB20D2660B00888A0A /* Release */ = {
			isa = XCBuildConfiguration;
			buildSettings = {
				CODE_SIGN_ENTITLEMENTS = ClashXLaunchHelper/ClashXLaunchHelper.entitlements;
				CODE_SIGN_STYLE = Automatic;
				COMBINE_HIDPI_IMAGES = YES;
				DEVELOPMENT_TEAM = MEWHFZ92DY;
				INFOPLIST_FILE = ClashXLaunchHelper/Info.plist;
				LD_RUNPATH_SEARCH_PATHS = (
					"$(inherited)",
					"@executable_path/../Frameworks",
				);
				PRODUCT_BUNDLE_IDENTIFIER = com.west2online.ClashX.LaunchHelper;
				PRODUCT_NAME = "$(TARGET_NAME)";
				SKIP_INSTALL = YES;
				SWIFT_VERSION = 4.0;
			};
			name = Release;
		};
		49CF3B2B20CD7465001EBF94 /* Debug */ = {
			isa = XCBuildConfiguration;
			buildSettings = {
				ALWAYS_SEARCH_USER_PATHS = NO;
				CLANG_ANALYZER_NONNULL = YES;
				CLANG_ANALYZER_NUMBER_OBJECT_CONVERSION = YES_AGGRESSIVE;
				CLANG_CXX_LANGUAGE_STANDARD = "gnu++14";
				CLANG_CXX_LIBRARY = "libc++";
				CLANG_ENABLE_MODULES = YES;
				CLANG_ENABLE_OBJC_ARC = YES;
				CLANG_ENABLE_OBJC_WEAK = YES;
				CLANG_WARN_BLOCK_CAPTURE_AUTORELEASING = YES;
				CLANG_WARN_BOOL_CONVERSION = YES;
				CLANG_WARN_COMMA = YES;
				CLANG_WARN_CONSTANT_CONVERSION = YES;
				CLANG_WARN_DEPRECATED_OBJC_IMPLEMENTATIONS = YES;
				CLANG_WARN_DIRECT_OBJC_ISA_USAGE = YES_ERROR;
				CLANG_WARN_DOCUMENTATION_COMMENTS = YES;
				CLANG_WARN_EMPTY_BODY = YES;
				CLANG_WARN_ENUM_CONVERSION = YES;
				CLANG_WARN_INFINITE_RECURSION = YES;
				CLANG_WARN_INT_CONVERSION = YES;
				CLANG_WARN_NON_LITERAL_NULL_CONVERSION = YES;
				CLANG_WARN_OBJC_IMPLICIT_RETAIN_SELF = YES;
				CLANG_WARN_OBJC_LITERAL_CONVERSION = YES;
				CLANG_WARN_OBJC_ROOT_CLASS = YES_ERROR;
				CLANG_WARN_RANGE_LOOP_ANALYSIS = YES;
				CLANG_WARN_STRICT_PROTOTYPES = YES;
				CLANG_WARN_SUSPICIOUS_MOVE = YES;
				CLANG_WARN_UNGUARDED_AVAILABILITY = YES_AGGRESSIVE;
				CLANG_WARN_UNREACHABLE_CODE = YES;
				CLANG_WARN__DUPLICATE_METHOD_MATCH = YES;
				CODE_SIGN_IDENTITY = "Mac Developer";
				COPY_PHASE_STRIP = NO;
				DEBUG_INFORMATION_FORMAT = dwarf;
				ENABLE_STRICT_OBJC_MSGSEND = YES;
				ENABLE_TESTABILITY = YES;
				GCC_C_LANGUAGE_STANDARD = gnu11;
				GCC_DYNAMIC_NO_PIC = NO;
				GCC_NO_COMMON_BLOCKS = YES;
				GCC_OPTIMIZATION_LEVEL = 0;
				GCC_PREPROCESSOR_DEFINITIONS = (
					"DEBUG=1",
					"$(inherited)",
				);
				GCC_WARN_64_TO_32_BIT_CONVERSION = YES;
				GCC_WARN_ABOUT_RETURN_TYPE = YES_ERROR;
				GCC_WARN_UNDECLARED_SELECTOR = YES;
				GCC_WARN_UNINITIALIZED_AUTOS = YES_AGGRESSIVE;
				GCC_WARN_UNUSED_FUNCTION = YES;
				GCC_WARN_UNUSED_VARIABLE = YES;
				MACOSX_DEPLOYMENT_TARGET = 10.13;
				MTL_ENABLE_DEBUG_INFO = YES;
				ONLY_ACTIVE_ARCH = YES;
				SDKROOT = macosx;
				SWIFT_ACTIVE_COMPILATION_CONDITIONS = DEBUG;
				SWIFT_OPTIMIZATION_LEVEL = "-Onone";
			};
			name = Debug;
		};
		49CF3B2C20CD7465001EBF94 /* Release */ = {
			isa = XCBuildConfiguration;
			buildSettings = {
				ALWAYS_SEARCH_USER_PATHS = NO;
				CLANG_ANALYZER_NONNULL = YES;
				CLANG_ANALYZER_NUMBER_OBJECT_CONVERSION = YES_AGGRESSIVE;
				CLANG_CXX_LANGUAGE_STANDARD = "gnu++14";
				CLANG_CXX_LIBRARY = "libc++";
				CLANG_ENABLE_MODULES = YES;
				CLANG_ENABLE_OBJC_ARC = YES;
				CLANG_ENABLE_OBJC_WEAK = YES;
				CLANG_WARN_BLOCK_CAPTURE_AUTORELEASING = YES;
				CLANG_WARN_BOOL_CONVERSION = YES;
				CLANG_WARN_COMMA = YES;
				CLANG_WARN_CONSTANT_CONVERSION = YES;
				CLANG_WARN_DEPRECATED_OBJC_IMPLEMENTATIONS = YES;
				CLANG_WARN_DIRECT_OBJC_ISA_USAGE = YES_ERROR;
				CLANG_WARN_DOCUMENTATION_COMMENTS = YES;
				CLANG_WARN_EMPTY_BODY = YES;
				CLANG_WARN_ENUM_CONVERSION = YES;
				CLANG_WARN_INFINITE_RECURSION = YES;
				CLANG_WARN_INT_CONVERSION = YES;
				CLANG_WARN_NON_LITERAL_NULL_CONVERSION = YES;
				CLANG_WARN_OBJC_IMPLICIT_RETAIN_SELF = YES;
				CLANG_WARN_OBJC_LITERAL_CONVERSION = YES;
				CLANG_WARN_OBJC_ROOT_CLASS = YES_ERROR;
				CLANG_WARN_RANGE_LOOP_ANALYSIS = YES;
				CLANG_WARN_STRICT_PROTOTYPES = YES;
				CLANG_WARN_SUSPICIOUS_MOVE = YES;
				CLANG_WARN_UNGUARDED_AVAILABILITY = YES_AGGRESSIVE;
				CLANG_WARN_UNREACHABLE_CODE = YES;
				CLANG_WARN__DUPLICATE_METHOD_MATCH = YES;
				CODE_SIGN_IDENTITY = "Mac Developer";
				COPY_PHASE_STRIP = NO;
				DEBUG_INFORMATION_FORMAT = "dwarf-with-dsym";
				ENABLE_NS_ASSERTIONS = NO;
				ENABLE_STRICT_OBJC_MSGSEND = YES;
				GCC_C_LANGUAGE_STANDARD = gnu11;
				GCC_NO_COMMON_BLOCKS = YES;
				GCC_WARN_64_TO_32_BIT_CONVERSION = YES;
				GCC_WARN_ABOUT_RETURN_TYPE = YES_ERROR;
				GCC_WARN_UNDECLARED_SELECTOR = YES;
				GCC_WARN_UNINITIALIZED_AUTOS = YES_AGGRESSIVE;
				GCC_WARN_UNUSED_FUNCTION = YES;
				GCC_WARN_UNUSED_VARIABLE = YES;
				MACOSX_DEPLOYMENT_TARGET = 10.13;
				MTL_ENABLE_DEBUG_INFO = NO;
				SDKROOT = macosx;
				SWIFT_COMPILATION_MODE = wholemodule;
				SWIFT_OPTIMIZATION_LEVEL = "-O";
			};
			name = Release;
		};
		49CF3B2E20CD7465001EBF94 /* Debug */ = {
			isa = XCBuildConfiguration;
			baseConfigurationReference = 5217C006C5A22A1CEA24BFC1 /* Pods-ClashX.debug.xcconfig */;
			buildSettings = {
				CLANG_ENABLE_MODULES = YES;
				CODE_SIGN_STYLE = Automatic;
				COMBINE_HIDPI_IMAGES = YES;
				DEVELOPMENT_TEAM = MEWHFZ92DY;
				FRAMEWORK_SEARCH_PATHS = (
					"$(inherited)",
					"$(PROJECT_DIR)/Carthage/Build/Mac",
				);
				INFOPLIST_FILE = ClashX/Info.plist;
				LD_RUNPATH_SEARCH_PATHS = (
					"$(inherited)",
					"@executable_path/../Frameworks",
				);
				LIBRARY_SEARCH_PATHS = (
					"$(inherited)",
					"$(PROJECT_DIR)/ClashX",
					"$(PROJECT_DIR)/ClashX/clash",
				);
				MACOSX_DEPLOYMENT_TARGET = 10.10;
				PRODUCT_BUNDLE_IDENTIFIER = com.west2online.ClashX;
				PRODUCT_NAME = "$(TARGET_NAME)";
				SWIFT_OBJC_BRIDGING_HEADER = "ClashX/ClashX-Bridging-Header.h";
				SWIFT_OPTIMIZATION_LEVEL = "-Onone";
				SWIFT_VERSION = 4.0;
			};
			name = Debug;
		};
		49CF3B2F20CD7465001EBF94 /* Release */ = {
			isa = XCBuildConfiguration;
			baseConfigurationReference = A1485BCE642059532D01B8BA /* Pods-ClashX.release.xcconfig */;
			buildSettings = {
				CLANG_ENABLE_MODULES = YES;
				CODE_SIGN_STYLE = Automatic;
				COMBINE_HIDPI_IMAGES = YES;
				DEVELOPMENT_TEAM = MEWHFZ92DY;
				FRAMEWORK_SEARCH_PATHS = (
					"$(inherited)",
					"$(PROJECT_DIR)/Carthage/Build/Mac",
				);
				INFOPLIST_FILE = ClashX/Info.plist;
				LD_RUNPATH_SEARCH_PATHS = (
					"$(inherited)",
					"@executable_path/../Frameworks",
				);
				LIBRARY_SEARCH_PATHS = (
					"$(inherited)",
					"$(PROJECT_DIR)/ClashX",
					"$(PROJECT_DIR)/ClashX/clash",
				);
				MACOSX_DEPLOYMENT_TARGET = 10.10;
				PRODUCT_BUNDLE_IDENTIFIER = com.west2online.ClashX;
				PRODUCT_NAME = "$(TARGET_NAME)";
				SWIFT_OBJC_BRIDGING_HEADER = "ClashX/ClashX-Bridging-Header.h";
				SWIFT_VERSION = 4.0;
			};
			name = Release;
		};
/* End XCBuildConfiguration section */

/* Begin XCConfigurationList section */
		495A44C920D2660B00888A0A /* Build configuration list for PBXNativeTarget "ClashXLaunchHelper" */ = {
			isa = XCConfigurationList;
			buildConfigurations = (
				495A44CA20D2660B00888A0A /* Debug */,
				495A44CB20D2660B00888A0A /* Release */,
			);
			defaultConfigurationIsVisible = 0;
			defaultConfigurationName = Release;
		};
		49CF3B1820CD7463001EBF94 /* Build configuration list for PBXProject "ClashX" */ = {
			isa = XCConfigurationList;
			buildConfigurations = (
				49CF3B2B20CD7465001EBF94 /* Debug */,
				49CF3B2C20CD7465001EBF94 /* Release */,
			);
			defaultConfigurationIsVisible = 0;
			defaultConfigurationName = Release;
		};
		49CF3B2D20CD7465001EBF94 /* Build configuration list for PBXNativeTarget "ClashX" */ = {
			isa = XCConfigurationList;
			buildConfigurations = (
				49CF3B2E20CD7465001EBF94 /* Debug */,
				49CF3B2F20CD7465001EBF94 /* Release */,
			);
			defaultConfigurationIsVisible = 0;
			defaultConfigurationName = Release;
		};
/* End XCConfigurationList section */
	};
	rootObject = 49CF3B1520CD7463001EBF94 /* Project object */;
}
